
Microsoft Visual Studio Solution File, Format Version 12.00
# Visual Studio Version 17
VisualStudioVersion = 17.5.002.0
MinimumVisualStudioVersion = 10.0.40219.1
Project("{9A19103F-16F7-4668-BE54-9A1E7A4F7556}") = "Milho", "Milho\Milho.csproj", "{098E816D-0C0B-47D7-A37C-EC7B2E3385BF}"
EndProject
Global
	GlobalSection(SolutionConfigurationPlatforms) = preSolution
		Debug|Any CPU = Debug|Any CPU
		Release|Any CPU = Release|Any CPU
	EndGlobalSection
	GlobalSection(ProjectConfigurationPlatforms) = postSolution
		{098E816D-0C0B-47D7-A37C-EC7B2E3385BF}.Debug|Any CPU.ActiveCfg = Debug|Any CPU
		{098E816D-0C0B-47D7-A37C-EC7B2E3385BF}.Debug|Any CPU.Build.0 = Debug|Any CPU
		{098E816D-0C0B-47D7-A37C-EC7B2E3385BF}.Release|Any CPU.ActiveCfg = Release|Any CPU
		{098E816D-0C0B-47D7-A37C-EC7B2E3385BF}.Release|Any CPU.Build.0 = Release|Any CPU
	EndGlobalSection
	GlobalSection(SolutionProperties) = preSolution
		HideSolutionNode = FALSE
	EndGlobalSection
	GlobalSection(ExtensibilityGlobals) = postSolution
		SolutionGuid = {58023DDA-C973-4B99-845F-5851BC38E8CC}
	EndGlobalSection
EndGlobal
